
Microsoft Visual Studio Solution File, Format Version 12.00
# Visual Studio 15
VisualStudioVersion = 15.0.28307.1169
MinimumVisualStudioVersion = 10.0.40219.1
Project("{FAE04EC0-301F-11D3-BF4B-00C04F79EFBC}") = "App02_TiposPaginaXF.Android", "App02_TiposPaginaXF\App02_TiposPaginaXF.Android\App02_TiposPaginaXF.Android.csproj", "{905499BA-CF87-43FE-9C0E-964E47204F97}"
EndProject
Project("{FAE04EC0-301F-11D3-BF4B-00C04F79EFBC}") = "App02_TiposPaginaXF.iOS", "App02_TiposPaginaXF\App02_TiposPaginaXF.iOS\App02_TiposPaginaXF.iOS.csproj", "{B0E5E4DC-715F-402A-B5C6-2DA32D46E55F}"
EndProject
Project("{FAE04EC0-301F-11D3-BF4B-00C04F79EFBC}") = "App02_TiposPaginaXF", "App02_TiposPaginaXF\App02_TiposPaginaXF\App02_TiposPaginaXF.csproj", "{335058E0-AB44-4AA5-A7FF-C1EF03FC12F2}"
EndProject
Global
	GlobalSection(SolutionConfigurationPlatforms) = preSolution
		Ad-Hoc|Any CPU = Ad-Hoc|Any CPU
		Ad-Hoc|iPhone = Ad-Hoc|iPhone
		Ad-Hoc|iPhoneSimulator = Ad-Hoc|iPhoneSimulator
		AppStore|Any CPU = AppStore|Any CPU
		AppStore|iPhone = AppStore|iPhone
		AppStore|iPhoneSimulator = AppStore|iPhoneSimulator
		Debug|Any CPU = Debug|Any CPU
		Debug|iPhone = Debug|iPhone
		Debug|iPhoneSimulator = Debug|iPhoneSimulator
		Release|Any CPU = Release|Any CPU
		Release|iPhone = Release|iPhone
		Release|iPhoneSimulator = Release|iPhoneSimulator
	EndGlobalSection
	GlobalSection(ProjectConfigurationPlatforms) = postSolution
		{905499BA-CF87-43FE-9C0E-964E47204F97}.Ad-Hoc|Any CPU.ActiveCfg = Release|Any CPU
		{905499BA-CF87-43FE-9C0E-964E47204F97}.Ad-Hoc|Any CPU.Build.0 = Release|Any CPU
		{905499BA-CF87-43FE-9C0E-964E47204F97}.Ad-Hoc|Any CPU.Deploy.0 = Release|Any CPU
		{905499BA-CF87-43FE-9C0E-964E47204F97}.Ad-Hoc|iPhone.ActiveCfg = Release|Any CPU
		{905499BA-CF87-43FE-9C0E-964E47204F97}.Ad-Hoc|iPhone.Build.0 = Release|Any CPU
		{905499BA-CF87-43FE-9C0E-964E47204F97}.Ad-Hoc|iPhone.Deploy.0 = Release|Any CPU
		{905499BA-CF87-43FE-9C0E-964E47204F97}.Ad-Hoc|iPhoneSimulator.ActiveCfg = Release|Any CPU
		{905499BA-CF87-43FE-9C0E-964E47204F97}.Ad-Hoc|iPhoneSimulator.Build.0 = Release|Any CPU
		{905499BA-CF87-43FE-9C0E-964E47204F97}.Ad-Hoc|iPhoneSimulator.Deploy.0 = Release|Any CPU
		{905499BA-CF87-43FE-9C0E-964E47204F97}.AppStore|Any CPU.ActiveCfg = Release|Any CPU
		{905499BA-CF87-43FE-9C0E-964E47204F97}.AppStore|Any CPU.Build.0 = Release|Any CPU
		{905499BA-CF87-43FE-9C0E-964E47204F97}.AppStore|Any CPU.Deploy.0 = Release|Any CPU
		{905499BA-CF87-43FE-9C0E-964E47204F97}.AppStore|iPhone.ActiveCfg = Release|Any CPU
		{905499BA-CF87-43FE-9C0E-964E47204F97}.AppStore|iPhone.Build.0 = Release|Any CPU
		{905499BA-CF87-43FE-9C0E-964E47204F97}.AppStore|iPhone.Deploy.0 = Release|Any CPU
		{905499BA-CF87-43FE-9C0E-964E47204F97}.AppStore|iPhoneSimulator.ActiveCfg = Release|Any CPU
		{905499BA-CF87-43FE-9C0E-964E47204F97}.AppStore|iPhoneSimulator.Build.0 = Release|Any CPU
		{905499BA-CF87-43FE-9C0E-964E47204F97}.AppStore|iPhoneSimulator.Deploy.0 = Release|Any CPU
		{905499BA-CF87-43FE-9C0E-964E47204F97}.Debug|Any CPU.ActiveCfg = Debug|Any CPU
		{905499BA-CF87-43FE-9C0E-964E47204F97}.Debug|Any CPU.Build.0 = Debug|Any CPU
		{905499BA-CF87-43FE-9C0E-964E47204F97}.Debug|Any CPU.Deploy.0 = Debug|Any CPU
		{905499BA-CF87-43FE-9C0E-964E47204F97}.Debug|iPhone.ActiveCfg = Debug|Any CPU
		{905499BA-CF87-43FE-9C0E-964E47204F97}.Debug|iPhone.Build.0 = Debug|Any CPU
		{905499BA-CF87-43FE-9C0E-964E47204F97}.Debug|iPhone.Deploy.0 = Debug|Any CPU
		{905499BA-CF87-43FE-9C0E-964E47204F97}.Debug|iPhoneSimulator.ActiveCfg = Debug|Any CPU
		{905499BA-CF87-43FE-9C0E-964E47204F97}.Debug|iPhoneSimulator.Build.0 = Debug|Any CPU
		{905499BA-CF87-43FE-9C0E-964E47204F97}.Debug|iPhoneSimulator.Deploy.0 = Debug|Any CPU
		{905499BA-CF87-43FE-9C0E-964E47204F97}.Release|Any CPU.ActiveCfg = Release|Any CPU
		{905499BA-CF87-43FE-9C0E-964E47204F97}.Release|Any CPU.Build.0 = Release|Any CPU
		{905499BA-CF87-43FE-9C0E-964E47204F97}.Release|Any CPU.Deploy.0 = Release|Any CPU
		{905499BA-CF87-43FE-9C0E-964E47204F97}.Release|iPhone.ActiveCfg = Release|Any CPU
		{905499BA-CF87-43FE-9C0E-964E47204F97}.Release|iPhone.Build.0 = Release|Any CPU
		{905499BA-CF87-43FE-9C0E-964E47204F97}.Release|iPhone.Deploy.0 = Release|Any CPU
		{905499BA-CF87-43FE-9C0E-964E47204F97}.Release|iPhoneSimulator.ActiveCfg = Release|Any CPU
		{905499BA-CF87-43FE-9C0E-964E47204F97}.Release|iPhoneSimulator.Build.0 = Release|Any CPU
		{905499BA-CF87-43FE-9C0E-964E47204F97}.Release|iPhoneSimulator.Deploy.0 = Release|Any CPU
		{B0E5E4DC-715F-402A-B5C6-2DA32D46E55F}.Ad-Hoc|Any CPU.ActiveCfg = Ad-Hoc|iPhone
		{B0E5E4DC-715F-402A-B5C6-2DA32D46E55F}.Ad-Hoc|Any CPU.Build.0 = Ad-Hoc|iPhone
		{B0E5E4DC-715F-402A-B5C6-2DA32D46E55F}.Ad-Hoc|Any CPU.Deploy.0 = Ad-Hoc|iPhone
		{B0E5E4DC-715F-402A-B5C6-2DA32D46E55F}.Ad-Hoc|iPhone.ActiveCfg = Ad-Hoc|iPhone
		{B0E5E4DC-715F-402A-B5C6-2DA32D46E55F}.Ad-Hoc|iPhone.Build.0 = Ad-Hoc|iPhone
		{B0E5E4DC-715F-402A-B5C6-2DA32D46E55F}.Ad-Hoc|iPhone.Deploy.0 = Ad-Hoc|iPhone
		{B0E5E4DC-715F-402A-B5C6-2DA32D46E55F}.Ad-Hoc|iPhoneSimulator.ActiveCfg = Ad-Hoc|iPhoneSimulator
		{B0E5E4DC-715F-402A-B5C6-2DA32D46E55F}.Ad-Hoc|iPhoneSimulator.Build.0 = Ad-Hoc|iPhoneSimulator
		{B0E5E4DC-715F-402A-B5C6-2DA32D46E55F}.Ad-Hoc|iPhoneSimulator.Deploy.0 = Ad-Hoc|iPhoneSimulator
		{B0E5E4DC-715F-402A-B5C6-2DA32D46E55F}.AppStore|Any CPU.ActiveCfg = AppStore|iPhone
		{B0E5E4DC-715F-402A-B5C6-2DA32D46E55F}.AppStore|Any CPU.Build.0 = AppStore|iPhone
		{B0E5E4DC-715F-402A-B5C6-2DA32D46E55F}.AppStore|Any CPU.Deploy.0 = AppStore|iPhone
		{B0E5E4DC-715F-402A-B5C6-2DA32D46E55F}.AppStore|iPhone.ActiveCfg = AppStore|iPhone
		{B0E5E4DC-715F-402A-B5C6-2DA32D46E55F}.AppStore|iPhone.Build.0 = AppStore|iPhone
		{B0E5E4DC-715F-402A-B5C6-2DA32D46E55F}.AppStore|iPhone.Deploy.0 = AppStore|iPhone
		{B0E5E4DC-715F-402A-B5C6-2DA32D46E55F}.AppStore|iPhoneSimulator.ActiveCfg = AppStore|iPhoneSimulator
		{B0E5E4DC-715F-402A-B5C6-2DA32D46E55F}.AppStore|iPhoneSimulator.Build.0 = AppStore|iPhoneSimulator
		{B0E5E4DC-715F-402A-B5C6-2DA32D46E55F}.AppStore|iPhoneSimulator.Deploy.0 = AppStore|iPhoneSimulator
		{B0E5E4DC-715F-402A-B5C6-2DA32D46E55F}.Debug|Any CPU.ActiveCfg = Debug|iPhoneSimulator
		{B0E5E4DC-715F-402A-B5C6-2DA32D46E55F}.Debug|Any CPU.Build.0 = Debug|iPhoneSimulator
		{B0E5E4DC-715F-402A-B5C6-2DA32D46E55F}.Debug|Any CPU.Deploy.0 = Debug|iPhoneSimulator
		{B0E5E4DC-715F-402A-B5C6-2DA32D46E55F}.Debug|iPhone.ActiveCfg = Debug|iPhone
		{B0E5E4DC-715F-402A-B5C6-2DA32D46E55F}.Debug|iPhone.Build.0 = Debug|iPhone
		{B0E5E4DC-715F-402A-B5C6-2DA32D46E55F}.Debug|iPhone.Deploy.0 = Debug|iPhone
		{B0E5E4DC-715F-402A-B5C6-2DA32D46E55F}.Debug|iPhoneSimulator.ActiveCfg = Debug|iPhoneSimulator
		{B0E5E4DC-715F-402A-B5C6-2DA32D46E55F}.Debug|iPhoneSimulator.Build.0 = Debug|iPhoneSimulator
		{B0E5E4DC-715F-402A-B5C6-2DA32D46E55F}.Debug|iPhoneSimulator.Deploy.0 = Debug|iPhoneSimulator
		{B0E5E4DC-715F-402A-B5C6-2DA32D46E55F}.Release|Any CPU.ActiveCfg = Release|iPhone
		{B0E5E4DC-715F-402A-B5C6-2DA32D46E55F}.Release|Any CPU.Build.0 = Release|iPhone
		{B0E5E4DC-715F-402A-B5C6-2DA32D46E55F}.Release|Any CPU.Deploy.0 = Release|iPhone
		{B0E5E4DC-715F-402A-B5C6-2DA32D46E55F}.Release|iPhone.ActiveCfg = Release|iPhone
		{B0E5E4DC-715F-402A-B5C6-2DA32D46E55F}.Release|iPhone.Build.0 = Release|iPhone
		{B0E5E4DC-715F-402A-B5C6-2DA32D46E55F}.Release|iPhone.Deploy.0 = Release|iPhone
		{B0E5E4DC-715F-402A-B5C6-2DA32D46E55F}.Release|iPhoneSimulator.ActiveCfg = Release|iPhoneSimulator
		{B0E5E4DC-715F-402A-B5C6-2DA32D46E55F}.Release|iPhoneSimulator.Build.0 = Release|iPhoneSimulator
		{B0E5E4DC-715F-402A-B5C6-2DA32D46E55F}.Release|iPhoneSimulator.Deploy.0 = Release|iPhoneSimulator
		{335058E0-AB44-4AA5-A7FF-C1EF03FC12F2}.Ad-Hoc|Any CPU.ActiveCfg = Debug|Any CPU
		{335058E0-AB44-4AA5-A7FF-C1EF03FC12F2}.Ad-Hoc|Any CPU.Build.0 = Debug|Any CPU
		{335058E0-AB44-4AA5-A7FF-C1EF03FC12F2}.Ad-Hoc|Any CPU.Deploy.0 = Debug|Any CPU
		{335058E0-AB44-4AA5-A7FF-C1EF03FC12F2}.Ad-Hoc|iPhone.ActiveCfg = Debug|Any CPU
		{335058E0-AB44-4AA5-A7FF-C1EF03FC12F2}.Ad-Hoc|iPhone.Build.0 = Debug|Any CPU
		{335058E0-AB44-4AA5-A7FF-C1EF03FC12F2}.Ad-Hoc|iPhone.Deploy.0 = Debug|Any CPU
		{335058E0-AB44-4AA5-A7FF-C1EF03FC12F2}.Ad-Hoc|iPhoneSimulator.ActiveCfg = Debug|Any CPU
		{335058E0-AB44-4AA5-A7FF-C1EF03FC12F2}.Ad-Hoc|iPhoneSimulator.Build.0 = Debug|Any CPU
		{335058E0-AB44-4AA5-A7FF-C1EF03FC12F2}.Ad-Hoc|iPhoneSimulator.Deploy.0 = Debug|Any CPU
		{335058E0-AB44-4AA5-A7FF-C1EF03FC12F2}.AppStore|Any CPU.ActiveCfg = Debug|Any CPU
		{335058E0-AB44-4AA5-A7FF-C1EF03FC12F2}.AppStore|Any CPU.Build.0 = Debug|Any CPU
		{335058E0-AB44-4AA5-A7FF-C1EF03FC12F2}.AppStore|Any CPU.Deploy.0 = Debug|Any CPU
		{335058E0-AB44-4AA5-A7FF-C1EF03FC12F2}.AppStore|iPhone.ActiveCfg = Debug|Any CPU
		{335058E0-AB44-4AA5-A7FF-C1EF03FC12F2}.AppStore|iPhone.Build.0 = Debug|Any CPU
		{335058E0-AB44-4AA5-A7FF-C1EF03FC12F2}.AppStore|iPhone.Deploy.0 = Debug|Any CPU
		{335058E0-AB44-4AA5-A7FF-C1EF03FC12F2}.AppStore|iPhoneSimulator.ActiveCfg = Debug|Any CPU
		{335058E0-AB44-4AA5-A7FF-C1EF03FC12F2}.AppStore|iPhoneSimulator.Build.0 = Debug|Any CPU
		{335058E0-AB44-4AA5-A7FF-C1EF03FC12F2}.AppStore|iPhoneSimulator.Deploy.0 = Debug|Any CPU
		{335058E0-AB44-4AA5-A7FF-C1EF03FC12F2}.Debug|Any CPU.ActiveCfg = Debug|Any CPU
		{335058E0-AB44-4AA5-A7FF-C1EF03FC12F2}.Debug|Any CPU.Build.0 = Debug|Any CPU
		{335058E0-AB44-4AA5-A7FF-C1EF03FC12F2}.Debug|Any CPU.Deploy.0 = Debug|Any CPU
		{335058E0-AB44-4AA5-A7FF-C1EF03FC12F2}.Debug|iPhone.ActiveCfg = Debug|Any CPU
		{335058E0-AB44-4AA5-A7FF-C1EF03FC12F2}.Debug|iPhone.Build.0 = Debug|Any CPU
		{335058E0-AB44-4AA5-A7FF-C1EF03FC12F2}.Debug|iPhone.Deploy.0 = Debug|Any CPU
		{335058E0-AB44-4AA5-A7FF-C1EF03FC12F2}.Debug|iPhoneSimulator.ActiveCfg = Debug|Any CPU
		{335058E0-AB44-4AA5-A7FF-C1EF03FC12F2}.Debug|iPhoneSimulator.Build.0 = Debug|Any CPU
		{335058E0-AB44-4AA5-A7FF-C1EF03FC12F2}.Debug|iPhoneSimulator.Deploy.0 = Debug|Any CPU
		{335058E0-AB44-4AA5-A7FF-C1EF03FC12F2}.Release|Any CPU.ActiveCfg = Release|Any CPU
		{335058E0-AB44-4AA5-A7FF-C1EF03FC12F2}.Release|Any CPU.Build.0 = Release|Any CPU
		{335058E0-AB44-4AA5-A7FF-C1EF03FC12F2}.Release|Any CPU.Deploy.0 = Release|Any CPU
		{335058E0-AB44-4AA5-A7FF-C1EF03FC12F2}.Release|iPhone.ActiveCfg = Release|Any CPU
		{335058E0-AB44-4AA5-A7FF-C1EF03FC12F2}.Release|iPhone.Build.0 = Release|Any CPU
		{335058E0-AB44-4AA5-A7FF-C1EF03FC12F2}.Release|iPhone.Deploy.0 = Release|Any CPU
		{335058E0-AB44-4AA5-A7FF-C1EF03FC12F2}.Release|iPhoneSimulator.ActiveCfg = Release|Any CPU
		{335058E0-AB44-4AA5-A7FF-C1EF03FC12F2}.Release|iPhoneSimulator.Build.0 = Release|Any CPU
		{335058E0-AB44-4AA5-A7FF-C1EF03FC12F2}.Release|iPhoneSimulator.Deploy.0 = Release|Any CPU
	EndGlobalSection
	GlobalSection(SolutionProperties) = preSolution
		HideSolutionNode = FALSE
	EndGlobalSection
	GlobalSection(ExtensibilityGlobals) = postSolution
		SolutionGuid = {47FB0E4A-5282-46E9-BAEC-4EDA8296171F}
	EndGlobalSection
EndGlobal
